# This file is automatically @generated by Cargo.
# It is not intended for manual editing.
version = 4

[[package]]
name = "use-actuator"
version = "0.0.1"

[[package]]
name = "use-end-effector"
version = "0.0.1"

[[package]]
name = "use-frame"
version = "0.0.1"

[[package]]
name = "use-joint"
version = "0.0.1"

[[package]]
name = "use-kinematics-label"
version = "0.0.1"

[[package]]
name = "use-pose"
version = "0.0.1"

[[package]]
name = "use-robot"
version = "0.0.1"

[[package]]
name = "use-robot-id"
version = "0.0.1"

[[package]]
name = "use-robot-sensor"
version = "0.0.1"

[[package]]
name = "use-robot-subsystem"
version = "0.0.1"

[[package]]
name = "use-robotics"
version = "0.0.1"
dependencies = [
 "use-actuator",
 "use-end-effector",
 "use-frame",
 "use-joint",
 "use-kinematics-label",
 "use-pose",
 "use-robot",
 "use-robot-id",
 "use-robot-sensor",
 "use-robot-subsystem",
]
